
Microsoft Visual Studio Solution File, Format Version 12.00
# Visual Studio Version 17
VisualStudioVersion = 17.8.34330.188
MinimumVisualStudioVersion = 10.0.40219.1
Project("{FAE04EC0-301F-11D3-BF4B-00C04F79EFBC}") = "MvcCoreDemo", "MvcCoreDemo\MvcCoreDemo.csproj", "{8EC7D165-EC3A-428F-9C2A-93FA194A50FA}"
EndProject
Global
	GlobalSection(SolutionConfigurationPlatforms) = preSolution
		Debug|Any CPU = Debug|Any CPU
		Release|Any CPU = Release|Any CPU
	EndGlobalSection
	GlobalSection(ProjectConfigurationPlatforms) = postSolution
		{8EC7D165-EC3A-428F-9C2A-93FA194A50FA}.Debug|Any CPU.ActiveCfg = Debug|Any CPU
		{8EC7D165-EC3A-428F-9C2A-93FA194A50FA}.Debug|Any CPU.Build.0 = Debug|Any CPU
		{8EC7D165-EC3A-428F-9C2A-93FA194A50FA}.Release|Any CPU.ActiveCfg = Release|Any CPU
		{8EC7D165-EC3A-428F-9C2A-93FA194A50FA}.Release|Any CPU.Build.0 = Release|Any CPU
	EndGlobalSection
	GlobalSection(SolutionProperties) = preSolution
		HideSolutionNode = FALSE
	EndGlobalSection
	GlobalSection(ExtensibilityGlobals) = postSolution
		SolutionGuid = {FAF30CB3-D296-47CB-8904-750E50B9F59A}
	EndGlobalSection
EndGlobal
